
Microsoft Visual Studio Solution File, Format Version 12.00
# Visual Studio 15
VisualStudioVersion = 15.0.28010.2050
MinimumVisualStudioVersion = 10.0.40219.1
Project("{FAE04EC0-301F-11D3-BF4B-00C04F79EFBC}") = "UsbCmder", "UsbCmder\UsbCmder.csproj", "{F9A9C8FE-ED70-4E15-A820-D802F5C4179C}"
EndProject
Project("{FAE04EC0-301F-11D3-BF4B-00C04F79EFBC}") = "EricCore", "..\EricCoreCS\EricCore.csproj", "{9574A542-E9FD-45CC-89B9-E3321C4E4F98}"
EndProject
Global
	GlobalSection(SolutionConfigurationPlatforms) = preSolution
		Debug|Any CPU = Debug|Any CPU
		Release|Any CPU = Release|Any CPU
	EndGlobalSection
	GlobalSection(ProjectConfigurationPlatforms) = postSolution
		{F9A9C8FE-ED70-4E15-A820-D802F5C4179C}.Debug|Any CPU.ActiveCfg = Debug|Any CPU
		{F9A9C8FE-ED70-4E15-A820-D802F5C4179C}.Debug|Any CPU.Build.0 = Debug|Any CPU
		{F9A9C8FE-ED70-4E15-A820-D802F5C4179C}.Release|Any CPU.ActiveCfg = Release|Any CPU
		{F9A9C8FE-ED70-4E15-A820-D802F5C4179C}.Release|Any CPU.Build.0 = Release|Any CPU
		{9574A542-E9FD-45CC-89B9-E3321C4E4F98}.Debug|Any CPU.ActiveCfg = Debug|Any CPU
		{9574A542-E9FD-45CC-89B9-E3321C4E4F98}.Debug|Any CPU.Build.0 = Debug|Any CPU
		{9574A542-E9FD-45CC-89B9-E3321C4E4F98}.Release|Any CPU.ActiveCfg = Release|Any CPU
		{9574A542-E9FD-45CC-89B9-E3321C4E4F98}.Release|Any CPU.Build.0 = Release|Any CPU
	EndGlobalSection
	GlobalSection(SolutionProperties) = preSolution
		HideSolutionNode = FALSE
	EndGlobalSection
	GlobalSection(ExtensibilityGlobals) = postSolution
		SolutionGuid = {BDA44412-D8F3-44E9-8B4E-D9EED613EBB6}
	EndGlobalSection
EndGlobal
